{
  "object": {
    "pins": [
      {
        "package": "llbuild",
        "repositoryURL": "https://github.com/apple/swift-llbuild.git",
        "state": {
          "branch": "master",
          "revision": "2b9645b9c56dadf8608d50966cc0fca80ef88f28",
          "version": null
        }
      },
      {
        "package": "swift-tools-support-core",
        "repositoryURL": "https://github.com/apple/swift-tools-support-core.git",
        "state": {
          "branch": "master",
          "revision": "de90da12a45fe57991916836b7655128ae987871",
          "version": null
        }
      }
    ]
  },
  "version": 1
}
